
Microsoft Visual Studio Solution File, Format Version 12.00
# Visual Studio Version 17
VisualStudioVersion = 17.0.32014.148
MinimumVisualStudioVersion = 10.0.40219.1
Project("{FAE04EC0-301F-11D3-BF4B-00C04F79EFBC}") = "CurrencyRateBattle.WebAPI", "CurrencyRateBattle.WebAPI\CurrencyRateBattle.WebAPI.csproj", "{16CBB51C-6CEC-4DA8-BF39-BE0B145424C2}"
EndProject
Project("{FAE04EC0-301F-11D3-BF4B-00C04F79EFBC}") = "CurrencyRateBattle.Client", "CurrencyRateBattle.Client\CurrencyRateBattle.Client.csproj", "{42764A0D-BD38-44FC-BBEA-B5039E04FD2C}"
EndProject
Global
	GlobalSection(SolutionConfigurationPlatforms) = preSolution
		Debug|Any CPU = Debug|Any CPU
		Release|Any CPU = Release|Any CPU
	EndGlobalSection
	GlobalSection(ProjectConfigurationPlatforms) = postSolution
		{16CBB51C-6CEC-4DA8-BF39-BE0B145424C2}.Debug|Any CPU.ActiveCfg = Debug|Any CPU
		{16CBB51C-6CEC-4DA8-BF39-BE0B145424C2}.Debug|Any CPU.Build.0 = Debug|Any CPU
		{16CBB51C-6CEC-4DA8-BF39-BE0B145424C2}.Release|Any CPU.ActiveCfg = Release|Any CPU
		{16CBB51C-6CEC-4DA8-BF39-BE0B145424C2}.Release|Any CPU.Build.0 = Release|Any CPU
		{42764A0D-BD38-44FC-BBEA-B5039E04FD2C}.Debug|Any CPU.ActiveCfg = Debug|Any CPU
		{42764A0D-BD38-44FC-BBEA-B5039E04FD2C}.Debug|Any CPU.Build.0 = Debug|Any CPU
		{42764A0D-BD38-44FC-BBEA-B5039E04FD2C}.Release|Any CPU.ActiveCfg = Release|Any CPU
		{42764A0D-BD38-44FC-BBEA-B5039E04FD2C}.Release|Any CPU.Build.0 = Release|Any CPU
	EndGlobalSection
	GlobalSection(SolutionProperties) = preSolution
		HideSolutionNode = FALSE
	EndGlobalSection
	GlobalSection(ExtensibilityGlobals) = postSolution
		SolutionGuid = {B5BE7EBD-6BFB-4799-8E98-4243402F9E61}
	EndGlobalSection
EndGlobal
